// !$*UTF8*$!
{
	archiveVersion = 1;
	classes = {
	};
	objectVersion = 50;
	objects = {

/* Begin PBXBuildFile section */
		AA339DDE21E8731000FA0EDA /* UNetAnalysisSDK.framework in Frameworks */ = {isa = PBXBuildFile; fileRef = AA339DDD21E8731000FA0EDA /* UNetAnalysisSDK.framework */; };
		AA6063512180489E00F7B24B /* AppDelegate.swift in Sources */ = {isa = PBXBuildFile; fileRef = AA6063502180489E00F7B24B /* AppDelegate.swift */; };
		AA6063532180489E00F7B24B /* ViewController.swift in Sources */ = {isa = PBXBuildFile; fileRef = AA6063522180489E00F7B24B /* ViewController.swift */; };
		AA6063562180489E00F7B24B /* Main.storyboard in Resources */ = {isa = PBXBuildFile; fileRef = AA6063542180489E00F7B24B /* Main.storyboard */; };
		AA6063582180489F00F7B24B /* Assets.xcassets in Resources */ = {isa = PBXBuildFile; fileRef = AA6063572180489F00F7B24B /* Assets.xcassets */; };
		AA60635B2180489F00F7B24B /* LaunchScreen.storyboard in Resources */ = {isa = PBXBuildFile; fileRef = AA6063592180489F00F7B24B /* LaunchScreen.storyboard */; };
		AA606366218048A000F7B24B /* UNetAnalysisSwiftDemo_01Tests.swift in Sources */ = {isa = PBXBuildFile; fileRef = AA606365218048A000F7B24B /* UNetAnalysisSwiftDemo_01Tests.swift */; };
		AA606371218048A000F7B24B /* UNetAnalysisSwiftDemo_01UITests.swift in Sources */ = {isa = PBXBuildFile; fileRef = AA606370218048A000F7B24B /* UNetAnalysisSwiftDemo_01UITests.swift */; };
/* End PBXBuildFile section */

/* Begin PBXContainerItemProxy section */
		AA606362218048A000F7B24B /* PBXContainerItemProxy */ = {
			isa = PBXContainerItemProxy;
			containerPortal = AA6063452180489E00F7B24B /* Project object */;
			proxyType = 1;
			remoteGlobalIDString = AA60634C2180489E00F7B24B;
			remoteInfo = UNetAnalysisSwiftDemo_01;
		};
		AA60636D218048A000F7B24B /* PBXContainerItemProxy */ = {
			isa = PBXContainerItemProxy;
			containerPortal = AA6063452180489E00F7B24B /* Project object */;
			proxyType = 1;
			remoteGlobalIDString = AA60634C2180489E00F7B24B;
			remoteInfo = UNetAnalysisSwiftDemo_01;
		};
/* End PBXContainerItemProxy section */

/* Begin PBXFileReference section */
		AA339DDD21E8731000FA0EDA /* UNetAnalysisSDK.framework */ = {isa = PBXFileReference; lastKnownFileType = wrapper.framework; path = UNetAnalysisSDK.framework; sourceTree = "<group>"; };
		AA60634D2180489E00F7B24B /* UNetAnalysisSwiftDemo_01.app */ = {isa = PBXFileReference; explicitFileType = wrapper.application; includeInIndex = 0; path = UNetAnalysisSwiftDemo_01.app; sourceTree = BUILT_PRODUCTS_DIR; };
		AA6063502180489E00F7B24B /* AppDelegate.swift */ = {isa = PBXFileReference; lastKnownFileType = sourcecode.swift; path = AppDelegate.swift; sourceTree = "<group>"; };
		AA6063522180489E00F7B24B /* ViewController.swift */ = {isa = PBXFileReference; lastKnownFileType = sourcecode.swift; path = ViewController.swift; sourceTree = "<group>"; };
		AA6063552180489E00F7B24B /* Base */ = {isa = PBXFileReference; lastKnownFileType = file.storyboard; name = Base; path = Base.lproj/Main.storyboard; sourceTree = "<group>"; };
		AA6063572180489F00F7B24B /* Assets.xcassets */ = {isa = PBXFileReference; lastKnownFileType = folder.assetcatalog; path = Assets.xcassets; sourceTree = "<group>"; };
		AA60635A2180489F00F7B24B /* Base */ = {isa = PBXFileReference; lastKnownFileType = file.storyboard; name = Base; path = Base.lproj/LaunchScreen.storyboard; sourceTree = "<group>"; };
		AA60635C2180489F00F7B24B /* Info.plist */ = {isa = PBXFileReference; lastKnownFileType = text.plist.xml; path = Info.plist; sourceTree = "<group>"; };
		AA606361218048A000F7B24B /* UNetAnalysisSwiftDemo_01Tests.xctest */ = {isa = PBXFileReference; explicitFileType = wrapper.cfbundle; includeInIndex = 0; path = UNetAnalysisSwiftDemo_01Tests.xctest; sourceTree = BUILT_PRODUCTS_DIR; };
		AA606365218048A000F7B24B /* UNetAnalysisSwiftDemo_01Tests.swift */ = {isa = PBXFileReference; lastKnownFileType = sourcecode.swift; path = UNetAnalysisSwiftDemo_01Tests.swift; sourceTree = "<group>"; };
		AA606367218048A000F7B24B /* Info.plist */ = {isa = PBXFileReference; lastKnownFileType = text.plist.xml; path = Info.plist; sourceTree = "<group>"; };
		AA60636C218048A000F7B24B /* UNetAnalysisSwiftDemo_01UITests.xctest */ = {isa = PBXFileReference; explicitFileType = wrapper.cfbundle; includeInIndex = 0; path = UNetAnalysisSwiftDemo_01UITests.xctest; sourceTree = BUILT_PRODUCTS_DIR; };
		AA606370218048A000F7B24B /* UNetAnalysisSwiftDemo_01UITests.swift */ = {isa = PBXFileReference; lastKnownFileType = sourcecode.swift; path = UNetAnalysisSwiftDemo_01UITests.swift; sourceTree = "<group>"; };
		AA606372218048A000F7B24B /* Info.plist */ = {isa = PBXFileReference; lastKnownFileType = text.plist.xml; path = Info.plist; sourceTree = "<group>"; };
		AA60637E21804A5D00F7B24B /* UNetAnalysisSwiftDemo_01-bridge.h */ = {isa = PBXFileReference; lastKnownFileType = sourcecode.c.h; path = "UNetAnalysisSwiftDemo_01-bridge.h"; sourceTree = "<group>"; };
/* End PBXFileReference section */

/* Begin PBXFrameworksBuildPhase section */
		AA60634A2180489E00F7B24B /* Frameworks */ = {
			isa = PBXFrameworksBuildPhase;
			buildActionMask = 2147483647;
			files = (
				AA339DDE21E8731000FA0EDA /* UNetAnalysisSDK.framework in Frameworks */,
			);
			runOnlyForDeploymentPostprocessing = 0;
		};
		AA60635E218048A000F7B24B /* Frameworks */ = {
			isa = PBXFrameworksBuildPhase;
			buildActionMask = 2147483647;
			files = (
			);
			runOnlyForDeploymentPostprocessing = 0;
		};
		AA606369218048A000F7B24B /* Frameworks */ = {
			isa = PBXFrameworksBuildPhase;
			buildActionMask = 2147483647;
			files = (
			);
			runOnlyForDeploymentPostprocessing = 0;
		};
/* End PBXFrameworksBuildPhase section */

/* Begin PBXGroup section */
		AA6063442180489E00F7B24B = {
			isa = PBXGroup;
			children = (
				AA60634F2180489E00F7B24B /* UNetAnalysisSwiftDemo_01 */,
				AA606364218048A000F7B24B /* UNetAnalysisSwiftDemo_01Tests */,
				AA60636F218048A000F7B24B /* UNetAnalysisSwiftDemo_01UITests */,
				AA60634E2180489E00F7B24B /* Products */,
			);
			sourceTree = "<group>";
		};
		AA60634E2180489E00F7B24B /* Products */ = {
			isa = PBXGroup;
			children = (
				AA60634D2180489E00F7B24B /* UNetAnalysisSwiftDemo_01.app */,
				AA606361218048A000F7B24B /* UNetAnalysisSwiftDemo_01Tests.xctest */,
				AA60636C218048A000F7B24B /* UNetAnalysisSwiftDemo_01UITests.xctest */,
			);
			name = Products;
			sourceTree = "<group>";
		};
		AA60634F2180489E00F7B24B /* UNetAnalysisSwiftDemo_01 */ = {
			isa = PBXGroup;
			children = (
				AA339DDD21E8731000FA0EDA /* UNetAnalysisSDK.framework */,
				AA6063502180489E00F7B24B /* AppDelegate.swift */,
				AA6063522180489E00F7B24B /* ViewController.swift */,
				AA6063542180489E00F7B24B /* Main.storyboard */,
				AA6063572180489F00F7B24B /* Assets.xcassets */,
				AA6063592180489F00F7B24B /* LaunchScreen.storyboard */,
				AA60635C2180489F00F7B24B /* Info.plist */,
				AA60637E21804A5D00F7B24B /* UNetAnalysisSwiftDemo_01-bridge.h */,
			);
			path = UNetAnalysisSwiftDemo_01;
			sourceTree = "<group>";
		};
		AA606364218048A000F7B24B /* UNetAnalysisSwiftDemo_01Tests */ = {
			isa = PBXGroup;
			children = (
				AA606365218048A000F7B24B /* UNetAnalysisSwiftDemo_01Tests.swift */,
				AA606367218048A000F7B24B /* Info.plist */,
			);
			path = UNetAnalysisSwiftDemo_01Tests;
			sourceTree = "<group>";
		};
		AA60636F218048A000F7B24B /* UNetAnalysisSwiftDemo_01UITests */ = {
			isa = PBXGroup;
			children = (
				AA606370218048A000F7B24B /* UNetAnalysisSwiftDemo_01UITests.swift */,
				AA606372218048A000F7B24B /* Info.plist */,
			);
			path = UNetAnalysisSwiftDemo_01UITests;
			sourceTree = "<group>";
		};
/* End PBXGroup section */

/* Begin PBXNativeTarget section */
		AA60634C2180489E00F7B24B /* UNetAnalysisSwiftDemo_01 */ = {
			isa = PBXNativeTarget;
			buildConfigurationList = AA606375218048A000F7B24B /* Build configuration list for PBXNativeTarget "UNetAnalysisSwiftDemo_01" */;
			buildPhases = (
				AA6063492180489E00F7B24B /* Sources */,
				AA60634A2180489E00F7B24B /* Frameworks */,
				AA60634B2180489E00F7B24B /* Resources */,
			);
			buildRules = (
			);
			dependencies = (
			);
			name = UNetAnalysisSwiftDemo_01;
			productName = UNetAnalysisSwiftDemo_01;
			productReference = AA60634D2180489E00F7B24B /* UNetAnalysisSwiftDemo_01.app */;
			productType = "com.apple.product-type.application";
		};
		AA606360218048A000F7B24B /* UNetAnalysisSwiftDemo_01Tests */ = {
			isa = PBXNativeTarget;
			buildConfigurationList = AA606378218048A000F7B24B /* Build configuration list for PBXNativeTarget "UNetAnalysisSwiftDemo_01Tests" */;
			buildPhases = (
				AA60635D218048A000F7B24B /* Sources */,
				AA60635E218048A000F7B24B /* Frameworks */,
				AA60635F218048A000F7B24B /* Resources */,
			);
			buildRules = (
			);
			dependencies = (
				AA606363218048A000F7B24B /* PBXTargetDependency */,
			);
			name = UNetAnalysisSwiftDemo_01Tests;
			productName = UNetAnalysisSwiftDemo_01Tests;
			productReference = AA606361218048A000F7B24B /* UNetAnalysisSwiftDemo_01Tests.xctest */;
			productType = "com.apple.product-type.bundle.unit-test";
		};
		AA60636B218048A000F7B24B /* UNetAnalysisSwiftDemo_01UITests */ = {
			isa = PBXNativeTarget;
			buildConfigurationList = AA60637B218048A000F7B24B /* Build configuration list for PBXNativeTarget "UNetAnalysisSwiftDemo_01UITests" */;
			buildPhases = (
				AA606368218048A000F7B24B /* Sources */,
				AA606369218048A000F7B24B /* Frameworks */,
				AA60636A218048A000F7B24B /* Resources */,
			);
			buildRules = (
			);
			dependencies = (
				AA60636E218048A000F7B24B /* PBXTargetDependency */,
			);
			name = UNetAnalysisSwiftDemo_01UITests;
			productName = UNetAnalysisSwiftDemo_01UITests;
			productReference = AA60636C218048A000F7B24B /* UNetAnalysisSwiftDemo_01UITests.xctest */;
			productType = "com.apple.product-type.bundle.ui-testing";
		};
/* End PBXNativeTarget section */

/* Begin PBXProject section */
		AA6063452180489E00F7B24B /* Project object */ = {
			isa = PBXProject;
			attributes = {
				LastSwiftUpdateCheck = 0940;
				LastUpgradeCheck = 0940;
				ORGANIZATIONNAME = ucloud;
				TargetAttributes = {
					AA60634C2180489E00F7B24B = {
						CreatedOnToolsVersion = 9.4.1;
					};
					AA606360218048A000F7B24B = {
						CreatedOnToolsVersion = 9.4.1;
						TestTargetID = AA60634C2180489E00F7B24B;
					};
					AA60636B218048A000F7B24B = {
						CreatedOnToolsVersion = 9.4.1;
						TestTargetID = AA60634C2180489E00F7B24B;
					};
				};
			};
			buildConfigurationList = AA6063482180489E00F7B24B /* Build configuration list for PBXProject "UNetAnalysisSwiftDemo_01" */;
			compatibilityVersion = "Xcode 9.3";
			developmentRegion = en;
			hasScannedForEncodings = 0;
			knownRegions = (
				en,
				Base,
			);
			mainGroup = AA6063442180489E00F7B24B;
			productRefGroup = AA60634E2180489E00F7B24B /* Products */;
			projectDirPath = "";
			projectRoot = "";
			targets = (
				AA60634C2180489E00F7B24B /* UNetAnalysisSwiftDemo_01 */,
				AA606360218048A000F7B24B /* UNetAnalysisSwiftDemo_01Tests */,
				AA60636B218048A000F7B24B /* UNetAnalysisSwiftDemo_01UITests */,
			);
		};
/* End PBXProject section */

/* Begin PBXResourcesBuildPhase section */
		AA60634B2180489E00F7B24B /* Resources */ = {
			isa = PBXResourcesBuildPhase;
			buildActionMask = 2147483647;
			files = (
				AA60635B2180489F00F7B24B /* LaunchScreen.storyboard in Resources */,
				AA6063582180489F00F7B24B /* Assets.xcassets in Resources */,
				AA6063562180489E00F7B24B /* Main.storyboard in Resources */,
			);
			runOnlyForDeploymentPostprocessing = 0;
		};
		AA60635F218048A000F7B24B /* Resources */ = {
			isa = PBXResourcesBuildPhase;
			buildActionMask = 2147483647;
			files = (
			);
			runOnlyForDeploymentPostprocessing = 0;
		};
		AA60636A218048A000F7B24B /* Resources */ = {
			isa = PBXResourcesBuildPhase;
			buildActionMask = 2147483647;
			files = (
			);
			runOnlyForDeploymentPostprocessing = 0;
		};
/* End PBXResourcesBuildPhase section */

/* Begin PBXSourcesBuildPhase section */
		AA6063492180489E00F7B24B /* Sources */ = {
			isa = PBXSourcesBuildPhase;
			buildActionMask = 2147483647;
			files = (
				AA6063532180489E00F7B24B /* ViewController.swift in Sources */,
				AA6063512180489E00F7B24B /* AppDelegate.swift in Sources */,
			);
			runOnlyForDeploymentPostprocessing = 0;
		};
		AA60635D218048A000F7B24B /* Sources */ = {
			isa = PBXSourcesBuildPhase;
			buildActionMask = 2147483647;
			files = (
				AA606366218048A000F7B24B /* UNetAnalysisSwiftDemo_01Tests.swift in Sources */,
			);
			runOnlyForDeploymentPostprocessing = 0;
		};
		AA606368218048A000F7B24B /* Sources */ = {
			isa = PBXSourcesBuildPhase;
			buildActionMask = 2147483647;
			files = (
				AA606371218048A000F7B24B /* UNetAnalysisSwiftDemo_01UITests.swift in Sources */,
			);
			runOnlyForDeploymentPostprocessing = 0;
		};
/* End PBXSourcesBuildPhase section */

/* Begin PBXTargetDependency section */
		AA606363218048A000F7B24B /* PBXTargetDependency */ = {
			isa = PBXTargetDependency;
			target = AA60634C2180489E00F7B24B /* UNetAnalysisSwiftDemo_01 */;
			targetProxy = AA606362218048A000F7B24B /* PBXContainerItemProxy */;
		};
		AA60636E218048A000F7B24B /* PBXTargetDependency */ = {
			isa = PBXTargetDependency;
			target = AA60634C2180489E00F7B24B /* UNetAnalysisSwiftDemo_01 */;
			targetProxy = AA60636D218048A000F7B24B /* PBXContainerItemProxy */;
		};
/* End PBXTargetDependency section */

/* Begin PBXVariantGroup section */
		AA6063542180489E00F7B24B /* Main.storyboard */ = {
			isa = PBXVariantGroup;
			children = (
				AA6063552180489E00F7B24B /* Base */,
			);
			name = Main.storyboard;
			sourceTree = "<group>";
		};
		AA6063592180489F00F7B24B /* LaunchScreen.storyboard */ = {
			isa = PBXVariantGroup;
			children = (
				AA60635A2180489F00F7B24B /* Base */,
			);
			name = LaunchScreen.storyboard;
			sourceTree = "<group>";
		};
/* End PBXVariantGroup section */

/* Begin XCBuildConfiguration section */
		AA606373218048A000F7B24B /* Debug */ = {
			isa = XCBuildConfiguration;
			buildSettings = {
				ALWAYS_SEARCH_USER_PATHS = NO;
				CLANG_ANALYZER_NONNULL = YES;
				CLANG_ANALYZER_NUMBER_OBJECT_CONVERSION = YES_AGGRESSIVE;
				CLANG_CXX_LANGUAGE_STANDARD = "gnu++14";
				CLANG_CXX_LIBRARY = "libc++";
				CLANG_ENABLE_MODULES = YES;
				CLANG_ENABLE_OBJC_ARC = YES;
				CLANG_ENABLE_OBJC_WEAK = YES;
				CLANG_WARN_BLOCK_CAPTURE_AUTORELEASING = YES;
				CLANG_WARN_BOOL_CONVERSION = YES;
				CLANG_WARN_COMMA = YES;
				CLANG_WARN_CONSTANT_CONVERSION = YES;
				CLANG_WARN_DEPRECATED_OBJC_IMPLEMENTATIONS = YES;
				CLANG_WARN_DIRECT_OBJC_ISA_USAGE = YES_ERROR;
				CLANG_WARN_DOCUMENTATION_COMMENTS = YES;
				CLANG_WARN_EMPTY_BODY = YES;
				CLANG_WARN_ENUM_CONVERSION = YES;
				CLANG_WARN_INFINITE_RECURSION = YES;
				CLANG_WARN_INT_CONVERSION = YES;
				CLANG_WARN_NON_LITERAL_NULL_CONVERSION = YES;
				CLANG_WARN_OBJC_IMPLICIT_RETAIN_SELF = YES;
				CLANG_WARN_OBJC_LITERAL_CONVERSION = YES;
				CLANG_WARN_OBJC_ROOT_CLASS = YES_ERROR;
				CLANG_WARN_RANGE_LOOP_ANALYSIS = YES;
				CLANG_WARN_STRICT_PROTOTYPES = YES;
				CLANG_WARN_SUSPICIOUS_MOVE = YES;
				CLANG_WARN_UNGUARDED_AVAILABILITY = YES_AGGRESSIVE;
				CLANG_WARN_UNREACHABLE_CODE = YES;
				CLANG_WARN__DUPLICATE_METHOD_MATCH = YES;
				CODE_SIGN_IDENTITY = "iPhone Developer";
				COPY_PHASE_STRIP = NO;
				DEBUG_INFORMATION_FORMAT = dwarf;
				ENABLE_STRICT_OBJC_MSGSEND = YES;
				ENABLE_TESTABILITY = YES;
				GCC_C_LANGUAGE_STANDARD = gnu11;
				GCC_DYNAMIC_NO_PIC = NO;
				GCC_NO_COMMON_BLOCKS = YES;
				GCC_OPTIMIZATION_LEVEL = 0;
				GCC_PREPROCESSOR_DEFINITIONS = (
					"DEBUG=1",
					"$(inherited)",
				);
				GCC_WARN_64_TO_32_BIT_CONVERSION = YES;
				GCC_WARN_ABOUT_RETURN_TYPE = YES_ERROR;
				GCC_WARN_UNDECLARED_SELECTOR = YES;
				GCC_WARN_UNINITIALIZED_AUTOS = YES_AGGRESSIVE;
				GCC_WARN_UNUSED_FUNCTION = YES;
				GCC_WARN_UNUSED_VARIABLE = YES;
				IPHONEOS_DEPLOYMENT_TARGET = 11.4;
				MTL_ENABLE_DEBUG_INFO = YES;
				ONLY_ACTIVE_ARCH = YES;
				SDKROOT = iphoneos;
				SWIFT_ACTIVE_COMPILATION_CONDITIONS = DEBUG;
				SWIFT_OPTIMIZATION_LEVEL = "-Onone";
			};
			name = Debug;
		};
		AA606374218048A000F7B24B /* Release */ = {
			isa = XCBuildConfiguration;
			buildSettings = {
				ALWAYS_SEARCH_USER_PATHS = NO;
				CLANG_ANALYZER_NONNULL = YES;
				CLANG_ANALYZER_NUMBER_OBJECT_CONVERSION = YES_AGGRESSIVE;
				CLANG_CXX_LANGUAGE_STANDARD = "gnu++14";
				CLANG_CXX_LIBRARY = "libc++";
				CLANG_ENABLE_MODULES = YES;
				CLANG_ENABLE_OBJC_ARC = YES;
				CLANG_ENABLE_OBJC_WEAK = YES;
				CLANG_WARN_BLOCK_CAPTURE_AUTORELEASING = YES;
				CLANG_WARN_BOOL_CONVERSION = YES;
				CLANG_WARN_COMMA = YES;
				CLANG_WARN_CONSTANT_CONVERSION = YES;
				CLANG_WARN_DEPRECATED_OBJC_IMPLEMENTATIONS = YES;
				CLANG_WARN_DIRECT_OBJC_ISA_USAGE = YES_ERROR;
				CLANG_WARN_DOCUMENTATION_COMMENTS = YES;
				CLANG_WARN_EMPTY_BODY = YES;
				CLANG_WARN_ENUM_CONVERSION = YES;
				CLANG_WARN_INFINITE_RECURSION = YES;
				CLANG_WARN_INT_CONVERSION = YES;
				CLANG_WARN_NON_LITERAL_NULL_CONVERSION = YES;
				CLANG_WARN_OBJC_IMPLICIT_RETAIN_SELF = YES;
				CLANG_WARN_OBJC_LITERAL_CONVERSION = YES;
				CLANG_WARN_OBJC_ROOT_CLASS = YES_ERROR;
				CLANG_WARN_RANGE_LOOP_ANALYSIS = YES;
				CLANG_WARN_STRICT_PROTOTYPES = YES;
				CLANG_WARN_SUSPICIOUS_MOVE = YES;
				CLANG_WARN_UNGUARDED_AVAILABILITY = YES_AGGRESSIVE;
				CLANG_WARN_UNREACHABLE_CODE = YES;
				CLANG_WARN__DUPLICATE_METHOD_MATCH = YES;
				CODE_SIGN_IDENTITY = "iPhone Developer";
				COPY_PHASE_STRIP = NO;
				DEBUG_INFORMATION_FORMAT = "dwarf-with-dsym";
				ENABLE_NS_ASSERTIONS = NO;
				ENABLE_STRICT_OBJC_MSGSEND = YES;
				GCC_C_LANGUAGE_STANDARD = gnu11;
				GCC_NO_COMMON_BLOCKS = YES;
				GCC_WARN_64_TO_32_BIT_CONVERSION = YES;
				GCC_WARN_ABOUT_RETURN_TYPE = YES_ERROR;
				GCC_WARN_UNDECLARED_SELECTOR = YES;
				GCC_WARN_UNINITIALIZED_AUTOS = YES_AGGRESSIVE;
				GCC_WARN_UNUSED_FUNCTION = YES;
				GCC_WARN_UNUSED_VARIABLE = YES;
				IPHONEOS_DEPLOYMENT_TARGET = 11.4;
				MTL_ENABLE_DEBUG_INFO = NO;
				SDKROOT = iphoneos;
				SWIFT_COMPILATION_MODE = wholemodule;
				SWIFT_OPTIMIZATION_LEVEL = "-O";
				VALIDATE_PRODUCT = YES;
			};
			name = Release;
		};
		AA606376218048A000F7B24B /* Debug */ = {
			isa = XCBuildConfiguration;
			buildSettings = {
				ASSETCATALOG_COMPILER_APPICON_NAME = AppIcon;
				CODE_SIGN_STYLE = Automatic;
				DEVELOPMENT_TEAM = CFP9KY4MGC;
				ENABLE_BITCODE = NO;
				FRAMEWORK_SEARCH_PATHS = (
					"$(inherited)",
					"$(PROJECT_DIR)/UNetAnalysisSwiftDemo_01",
				);
				INFOPLIST_FILE = UNetAnalysisSwiftDemo_01/Info.plist;
				IPHONEOS_DEPLOYMENT_TARGET = 9.0;
				LD_RUNPATH_SEARCH_PATHS = (
					"$(inherited)",
					"@executable_path/Frameworks",
				);
				OTHER_LDFLAGS = "-lc++";
				PRODUCT_BUNDLE_IDENTIFIER = "cn.ucloud.UNetAnalysisSwiftDemo-01";
				PRODUCT_NAME = "$(TARGET_NAME)";
				SWIFT_OBJC_BRIDGING_HEADER = "$(PROJECT_DIR)/UNetAnalysisSwiftDemo_01/UNetAnalysisSwiftDemo_01-bridge.h";
				SWIFT_VERSION = 4.0;
				TARGETED_DEVICE_FAMILY = "1,2";
			};
			name = Debug;
		};
		AA606377218048A000F7B24B /* Release */ = {
			isa = XCBuildConfiguration;
			buildSettings = {
				ASSETCATALOG_COMPILER_APPICON_NAME = AppIcon;
				CODE_SIGN_STYLE = Automatic;
				DEVELOPMENT_TEAM = CFP9KY4MGC;
				ENABLE_BITCODE = NO;
				FRAMEWORK_SEARCH_PATHS = (
					"$(inherited)",
					"$(PROJECT_DIR)/UNetAnalysisSwiftDemo_01",
				);
				INFOPLIST_FILE = UNetAnalysisSwiftDemo_01/Info.plist;
				IPHONEOS_DEPLOYMENT_TARGET = 9.0;
				LD_RUNPATH_SEARCH_PATHS = (
					"$(inherited)",
					"@executable_path/Frameworks",
				);
				OTHER_LDFLAGS = "-lc++";
				PRODUCT_BUNDLE_IDENTIFIER = "cn.ucloud.UNetAnalysisSwiftDemo-01";
				PRODUCT_NAME = "$(TARGET_NAME)";
				SWIFT_OBJC_BRIDGING_HEADER = "$(PROJECT_DIR)/UNetAnalysisSwiftDemo_01/UNetAnalysisSwiftDemo_01-bridge.h";
				SWIFT_VERSION = 4.0;
				TARGETED_DEVICE_FAMILY = "1,2";
			};
			name = Release;
		};
		AA606379218048A000F7B24B /* Debug */ = {
			isa = XCBuildConfiguration;
			buildSettings = {
				ALWAYS_EMBED_SWIFT_STANDARD_LIBRARIES = YES;
				BUNDLE_LOADER = "$(TEST_HOST)";
				CODE_SIGN_STYLE = Automatic;
				DEVELOPMENT_TEAM = CFP9KY4MGC;
				INFOPLIST_FILE = UNetAnalysisSwiftDemo_01Tests/Info.plist;
				LD_RUNPATH_SEARCH_PATHS = (
					"$(inherited)",
					"@executable_path/Frameworks",
					"@loader_path/Frameworks",
				);
				PRODUCT_BUNDLE_IDENTIFIER = "cn.ucloud.UNetAnalysisSwiftDemo-01Tests";
				PRODUCT_NAME = "$(TARGET_NAME)";
				SWIFT_VERSION = 4.0;
				TARGETED_DEVICE_FAMILY = "1,2";
				TEST_HOST = "$(BUILT_PRODUCTS_DIR)/UNetAnalysisSwiftDemo_01.app/UNetAnalysisSwiftDemo_01";
			};
			name = Debug;
		};
		AA60637A218048A000F7B24B /* Release */ = {
			isa = XCBuildConfiguration;
			buildSettings = {
				ALWAYS_EMBED_SWIFT_STANDARD_LIBRARIES = YES;
				BUNDLE_LOADER = "$(TEST_HOST)";
				CODE_SIGN_STYLE = Automatic;
				DEVELOPMENT_TEAM = CFP9KY4MGC;
				INFOPLIST_FILE = UNetAnalysisSwiftDemo_01Tests/Info.plist;
				LD_RUNPATH_SEARCH_PATHS = (
					"$(inherited)",
					"@executable_path/Frameworks",
					"@loader_path/Frameworks",
				);
				PRODUCT_BUNDLE_IDENTIFIER = "cn.ucloud.UNetAnalysisSwiftDemo-01Tests";
				PRODUCT_NAME = "$(TARGET_NAME)";
				SWIFT_VERSION = 4.0;
				TARGETED_DEVICE_FAMILY = "1,2";
				TEST_HOST = "$(BUILT_PRODUCTS_DIR)/UNetAnalysisSwiftDemo_01.app/UNetAnalysisSwiftDemo_01";
			};
			name = Release;
		};
		AA60637C218048A000F7B24B /* Debug */ = {
			isa = XCBuildConfiguration;
			buildSettings = {
				ALWAYS_EMBED_SWIFT_STANDARD_LIBRARIES = YES;
				CODE_SIGN_STYLE = Automatic;
				DEVELOPMENT_TEAM = CFP9KY4MGC;
				INFOPLIST_FILE = UNetAnalysisSwiftDemo_01UITests/Info.plist;
				LD_RUNPATH_SEARCH_PATHS = (
					"$(inherited)",
					"@executable_path/Frameworks",
					"@loader_path/Frameworks",
				);
				PRODUCT_BUNDLE_IDENTIFIER = "cn.ucloud.UNetAnalysisSwiftDemo-01UITests";
				PRODUCT_NAME = "$(TARGET_NAME)";
				SWIFT_VERSION = 4.0;
				TARGETED_DEVICE_FAMILY = "1,2";
				TEST_TARGET_NAME = UNetAnalysisSwiftDemo_01;
			};
			name = Debug;
		};
		AA60637D218048A000F7B24B /* Release */ = {
			isa = XCBuildConfiguration;
			buildSettings = {
				ALWAYS_EMBED_SWIFT_STANDARD_LIBRARIES = YES;
				CODE_SIGN_STYLE = Automatic;
				DEVELOPMENT_TEAM = CFP9KY4MGC;
				INFOPLIST_FILE = UNetAnalysisSwiftDemo_01UITests/Info.plist;
				LD_RUNPATH_SEARCH_PATHS = (
					"$(inherited)",
					"@executable_path/Frameworks",
					"@loader_path/Frameworks",
				);
				PRODUCT_BUNDLE_IDENTIFIER = "cn.ucloud.UNetAnalysisSwiftDemo-01UITests";
				PRODUCT_NAME = "$(TARGET_NAME)";
				SWIFT_VERSION = 4.0;
				TARGETED_DEVICE_FAMILY = "1,2";
				TEST_TARGET_NAME = UNetAnalysisSwiftDemo_01;
			};
			name = Release;
		};
/* End XCBuildConfiguration section */

/* Begin XCConfigurationList section */
		AA6063482180489E00F7B24B /* Build configuration list for PBXProject "UNetAnalysisSwiftDemo_01" */ = {
			isa = XCConfigurationList;
			buildConfigurations = (
				AA606373218048A000F7B24B /* Debug */,
				AA606374218048A000F7B24B /* Release */,
			);
			defaultConfigurationIsVisible = 0;
			defaultConfigurationName = Release;
		};
		AA606375218048A000F7B24B /* Build configuration list for PBXNativeTarget "UNetAnalysisSwiftDemo_01" */ = {
			isa = XCConfigurationList;
			buildConfigurations = (
				AA606376218048A000F7B24B /* Debug */,
				AA606377218048A000F7B24B /* Release */,
			);
			defaultConfigurationIsVisible = 0;
			defaultConfigurationName = Release;
		};
		AA606378218048A000F7B24B /* Build configuration list for PBXNativeTarget "UNetAnalysisSwiftDemo_01Tests" */ = {
			isa = XCConfigurationList;
			buildConfigurations = (
				AA606379218048A000F7B24B /* Debug */,
				AA60637A218048A000F7B24B /* Release */,
			);
			defaultConfigurationIsVisible = 0;
			defaultConfigurationName = Release;
		};
		AA60637B218048A000F7B24B /* Build configuration list for PBXNativeTarget "UNetAnalysisSwiftDemo_01UITests" */ = {
			isa = XCConfigurationList;
			buildConfigurations = (
				AA60637C218048A000F7B24B /* Debug */,
				AA60637D218048A000F7B24B /* Release */,
			);
			defaultConfigurationIsVisible = 0;
			defaultConfigurationName = Release;
		};
/* End XCConfigurationList section */
	};
	rootObject = AA6063452180489E00F7B24B /* Project object */;
}
